
Microsoft Visual Studio Solution File, Format Version 12.00
# Visual Studio Version 16
VisualStudioVersion = 16.0.30907.101
MinimumVisualStudioVersion = 10.0.40219.1
Project("{FAE04EC0-301F-11D3-BF4B-00C04F79EFBC}") = "Contactbook", "Contactbook.csproj", "{D22D4DF6-DC69-4E79-8FF3-FCEA1A4520E4}"
EndProject
Global
	GlobalSection(SolutionConfigurationPlatforms) = preSolution
		Debug|Any CPU = Debug|Any CPU
		Release|Any CPU = Release|Any CPU
	EndGlobalSection
	GlobalSection(ProjectConfigurationPlatforms) = postSolution
		{D22D4DF6-DC69-4E79-8FF3-FCEA1A4520E4}.Debug|Any CPU.ActiveCfg = Debug|Any CPU
		{D22D4DF6-DC69-4E79-8FF3-FCEA1A4520E4}.Debug|Any CPU.Build.0 = Debug|Any CPU
		{D22D4DF6-DC69-4E79-8FF3-FCEA1A4520E4}.Release|Any CPU.ActiveCfg = Release|Any CPU
		{D22D4DF6-DC69-4E79-8FF3-FCEA1A4520E4}.Release|Any CPU.Build.0 = Release|Any CPU
	EndGlobalSection
	GlobalSection(SolutionProperties) = preSolution
		HideSolutionNode = FALSE
	EndGlobalSection
	GlobalSection(ExtensibilityGlobals) = postSolution
		SolutionGuid = {DA5D51D0-8254-49CE-B4C7-F32368AC1A99}
	EndGlobalSection
EndGlobal
